
Microsoft Visual Studio Solution File, Format Version 12.00
# Visual Studio Version 17
VisualStudioVersion = 17.3.32901.215
MinimumVisualStudioVersion = 10.0.40219.1
Project("{2150E333-8FDC-42A3-9474-1A3956D46DE8}") = "01_Parallels", "01_Parallels", "{F94D781C-83AB-4567-8A65-E0E2567FB936}"
EndProject
Project("{9A19103F-16F7-4668-BE54-9A1E7A4F7556}") = "01_Invoke", "Parallels\01_Invoke\01_Invoke.csproj", "{8882FEF3-8A0D-4B98-B654-7704BA2250A8}"
EndProject
Project("{9A19103F-16F7-4668-BE54-9A1E7A4F7556}") = "02_ForForeach", "Parallels\02_For\02_ForForeach.csproj", "{051894C2-6239-481F-BF9A-3503FC65713A}"
EndProject
Project("{9A19103F-16F7-4668-BE54-9A1E7A4F7556}") = "03_ForForeachEx", "Parallels\04_ForForeachEx\03_ForForeachEx.csproj", "{13704C1E-AB1F-40B1-856A-8EE4CF4BDDF5}"
EndProject
Project("{2150E333-8FDC-42A3-9474-1A3956D46DE8}") = "00_PLINQ", "00_PLINQ", "{4D152BA5-A2CD-49D3-9445-58CACA9335FD}"
EndProject
Project("{9A19103F-16F7-4668-BE54-9A1E7A4F7556}") = "01_PLinq", "00_PLIQ\PLinq\01_PLinq.csproj", "{3A532983-1A00-44E7-A8DA-5BDA2829C719}"
EndProject
Project("{9A19103F-16F7-4668-BE54-9A1E7A4F7556}") = "02_AsOrdered", "00_PLIQ\02_AsOrdered\02_AsOrdered.csproj", "{63216C2F-072A-408D-9990-4A6E6AFF947C}"
EndProject
Project("{9A19103F-16F7-4668-BE54-9A1E7A4F7556}") = "03_AsSequential", "00_PLIQ\03_AsSequential\03_AsSequential.csproj", "{B2B086C5-7E70-4FBD-9F66-8E5815788973}"
EndProject
Project("{9A19103F-16F7-4668-BE54-9A1E7A4F7556}") = "04_Cancellation", "00_PLIQ\04_Cancellation\04_Cancellation.csproj", "{F829F638-D154-424A-9249-D11F1EB33D49}"
EndProject
Project("{9A19103F-16F7-4668-BE54-9A1E7A4F7556}") = "05_WithDegreeOfParallelism", "00_PLIQ\05_WithConcurrentCollections\05_WithDegreeOfParallelism.csproj", "{653CD3A9-C06D-4342-9218-CBA49747D26E}"
EndProject
Project("{9A19103F-16F7-4668-BE54-9A1E7A4F7556}") = "06_WithExecutionMode", "00_PLIQ\06_WithExecutionMode\06_WithExecutionMode.csproj", "{C1ABEE4C-6387-426D-A386-D8E68468EBC0}"
EndProject
Project("{9A19103F-16F7-4668-BE54-9A1E7A4F7556}") = "07_Exception", "00_PLIQ\07_Exception\07_Exception.csproj", "{37139466-512C-41D7-8462-537E69C440B9}"
EndProject
Project("{9A19103F-16F7-4668-BE54-9A1E7A4F7556}") = "LinqVsPLinq", "00_PLIQ\LinqVsPLinq\LinqVsPLinq.csproj", "{11F4618A-618E-4A97-9231-3F39EFE40C68}"
EndProject
Global
	GlobalSection(SolutionConfigurationPlatforms) = preSolution
		Debug|Any CPU = Debug|Any CPU
		Release|Any CPU = Release|Any CPU
	EndGlobalSection
	GlobalSection(ProjectConfigurationPlatforms) = postSolution
		{8882FEF3-8A0D-4B98-B654-7704BA2250A8}.Debug|Any CPU.ActiveCfg = Debug|Any CPU
		{8882FEF3-8A0D-4B98-B654-7704BA2250A8}.Debug|Any CPU.Build.0 = Debug|Any CPU
		{8882FEF3-8A0D-4B98-B654-7704BA2250A8}.Release|Any CPU.ActiveCfg = Release|Any CPU
		{8882FEF3-8A0D-4B98-B654-7704BA2250A8}.Release|Any CPU.Build.0 = Release|Any CPU
		{051894C2-6239-481F-BF9A-3503FC65713A}.Debug|Any CPU.ActiveCfg = Debug|Any CPU
		{051894C2-6239-481F-BF9A-3503FC65713A}.Debug|Any CPU.Build.0 = Debug|Any CPU
		{051894C2-6239-481F-BF9A-3503FC65713A}.Release|Any CPU.ActiveCfg = Release|Any CPU
		{051894C2-6239-481F-BF9A-3503FC65713A}.Release|Any CPU.Build.0 = Release|Any CPU
		{13704C1E-AB1F-40B1-856A-8EE4CF4BDDF5}.Debug|Any CPU.ActiveCfg = Debug|Any CPU
		{13704C1E-AB1F-40B1-856A-8EE4CF4BDDF5}.Debug|Any CPU.Build.0 = Debug|Any CPU
		{13704C1E-AB1F-40B1-856A-8EE4CF4BDDF5}.Release|Any CPU.ActiveCfg = Release|Any CPU
		{13704C1E-AB1F-40B1-856A-8EE4CF4BDDF5}.Release|Any CPU.Build.0 = Release|Any CPU
		{3A532983-1A00-44E7-A8DA-5BDA2829C719}.Debug|Any CPU.ActiveCfg = Debug|Any CPU
		{3A532983-1A00-44E7-A8DA-5BDA2829C719}.Debug|Any CPU.Build.0 = Debug|Any CPU
		{3A532983-1A00-44E7-A8DA-5BDA2829C719}.Release|Any CPU.ActiveCfg = Release|Any CPU
		{3A532983-1A00-44E7-A8DA-5BDA2829C719}.Release|Any CPU.Build.0 = Release|Any CPU
		{63216C2F-072A-408D-9990-4A6E6AFF947C}.Debug|Any CPU.ActiveCfg = Debug|Any CPU
		{63216C2F-072A-408D-9990-4A6E6AFF947C}.Debug|Any CPU.Build.0 = Debug|Any CPU
		{63216C2F-072A-408D-9990-4A6E6AFF947C}.Release|Any CPU.ActiveCfg = Release|Any CPU
		{63216C2F-072A-408D-9990-4A6E6AFF947C}.Release|Any CPU.Build.0 = Release|Any CPU
		{B2B086C5-7E70-4FBD-9F66-8E5815788973}.Debug|Any CPU.ActiveCfg = Debug|Any CPU
		{B2B086C5-7E70-4FBD-9F66-8E5815788973}.Debug|Any CPU.Build.0 = Debug|Any CPU
		{B2B086C5-7E70-4FBD-9F66-8E5815788973}.Release|Any CPU.ActiveCfg = Release|Any CPU
		{B2B086C5-7E70-4FBD-9F66-8E5815788973}.Release|Any CPU.Build.0 = Release|Any CPU
		{F829F638-D154-424A-9249-D11F1EB33D49}.Debug|Any CPU.ActiveCfg = Debug|Any CPU
		{F829F638-D154-424A-9249-D11F1EB33D49}.Debug|Any CPU.Build.0 = Debug|Any CPU
		{F829F638-D154-424A-9249-D11F1EB33D49}.Release|Any CPU.ActiveCfg = Release|Any CPU
		{F829F638-D154-424A-9249-D11F1EB33D49}.Release|Any CPU.Build.0 = Release|Any CPU
		{653CD3A9-C06D-4342-9218-CBA49747D26E}.Debug|Any CPU.ActiveCfg = Debug|Any CPU
		{653CD3A9-C06D-4342-9218-CBA49747D26E}.Debug|Any CPU.Build.0 = Debug|Any CPU
		{653CD3A9-C06D-4342-9218-CBA49747D26E}.Release|Any CPU.ActiveCfg = Release|Any CPU
		{653CD3A9-C06D-4342-9218-CBA49747D26E}.Release|Any CPU.Build.0 = Release|Any CPU
		{C1ABEE4C-6387-426D-A386-D8E68468EBC0}.Debug|Any CPU.ActiveCfg = Debug|Any CPU
		{C1ABEE4C-6387-426D-A386-D8E68468EBC0}.Debug|Any CPU.Build.0 = Debug|Any CPU
		{C1ABEE4C-6387-426D-A386-D8E68468EBC0}.Release|Any CPU.ActiveCfg = Release|Any CPU
		{C1ABEE4C-6387-426D-A386-D8E68468EBC0}.Release|Any CPU.Build.0 = Release|Any CPU
		{37139466-512C-41D7-8462-537E69C440B9}.Debug|Any CPU.ActiveCfg = Debug|Any CPU
		{37139466-512C-41D7-8462-537E69C440B9}.Debug|Any CPU.Build.0 = Debug|Any CPU
		{37139466-512C-41D7-8462-537E69C440B9}.Release|Any CPU.ActiveCfg = Release|Any CPU
		{37139466-512C-41D7-8462-537E69C440B9}.Release|Any CPU.Build.0 = Release|Any CPU
		{11F4618A-618E-4A97-9231-3F39EFE40C68}.Debug|Any CPU.ActiveCfg = Debug|Any CPU
		{11F4618A-618E-4A97-9231-3F39EFE40C68}.Debug|Any CPU.Build.0 = Debug|Any CPU
		{11F4618A-618E-4A97-9231-3F39EFE40C68}.Release|Any CPU.ActiveCfg = Release|Any CPU
		{11F4618A-618E-4A97-9231-3F39EFE40C68}.Release|Any CPU.Build.0 = Release|Any CPU
	EndGlobalSection
	GlobalSection(SolutionProperties) = preSolution
		HideSolutionNode = FALSE
	EndGlobalSection
	GlobalSection(NestedProjects) = preSolution
		{8882FEF3-8A0D-4B98-B654-7704BA2250A8} = {F94D781C-83AB-4567-8A65-E0E2567FB936}
		{051894C2-6239-481F-BF9A-3503FC65713A} = {F94D781C-83AB-4567-8A65-E0E2567FB936}
		{13704C1E-AB1F-40B1-856A-8EE4CF4BDDF5} = {F94D781C-83AB-4567-8A65-E0E2567FB936}
		{3A532983-1A00-44E7-A8DA-5BDA2829C719} = {4D152BA5-A2CD-49D3-9445-58CACA9335FD}
		{63216C2F-072A-408D-9990-4A6E6AFF947C} = {4D152BA5-A2CD-49D3-9445-58CACA9335FD}
		{B2B086C5-7E70-4FBD-9F66-8E5815788973} = {4D152BA5-A2CD-49D3-9445-58CACA9335FD}
		{F829F638-D154-424A-9249-D11F1EB33D49} = {4D152BA5-A2CD-49D3-9445-58CACA9335FD}
		{653CD3A9-C06D-4342-9218-CBA49747D26E} = {4D152BA5-A2CD-49D3-9445-58CACA9335FD}
		{C1ABEE4C-6387-426D-A386-D8E68468EBC0} = {4D152BA5-A2CD-49D3-9445-58CACA9335FD}
		{37139466-512C-41D7-8462-537E69C440B9} = {4D152BA5-A2CD-49D3-9445-58CACA9335FD}
		{11F4618A-618E-4A97-9231-3F39EFE40C68} = {4D152BA5-A2CD-49D3-9445-58CACA9335FD}
	EndGlobalSection
	GlobalSection(ExtensibilityGlobals) = postSolution
		SolutionGuid = {D1F916A3-FC67-4397-980E-08BCBC9E5492}
	EndGlobalSection
EndGlobal
